
Microsoft Visual Studio Solution File, Format Version 12.00
# Visual Studio 14
VisualStudioVersion = 14.0.25420.1
MinimumVisualStudioVersion = 10.0.40219.1
Project("{FAE04EC0-301F-11D3-BF4B-00C04F79EFBC}") = "RemoteWebDriverExtended", "RemoteWebDriverExtended\RemoteWebDriverExtended.csproj", "{0F10944B-E36B-4183-97B7-06524F32FB47}"
EndProject
Project("{FAE04EC0-301F-11D3-BF4B-00C04F79EFBC}") = "RemoteWebDriverExtendedTests", "RemoteWebDriverExtendedTests\RemoteWebDriverExtendedTests.csproj", "{3AC7C16B-09E7-49F1-83C7-83A61EACC426}"
EndProject
Global
	GlobalSection(SolutionConfigurationPlatforms) = preSolution
		Debug|Any CPU = Debug|Any CPU
		Release|Any CPU = Release|Any CPU
	EndGlobalSection
	GlobalSection(ProjectConfigurationPlatforms) = postSolution
		{0F10944B-E36B-4183-97B7-06524F32FB47}.Debug|Any CPU.ActiveCfg = Debug|Any CPU
		{0F10944B-E36B-4183-97B7-06524F32FB47}.Debug|Any CPU.Build.0 = Debug|Any CPU
		{0F10944B-E36B-4183-97B7-06524F32FB47}.Release|Any CPU.ActiveCfg = Release|Any CPU
		{0F10944B-E36B-4183-97B7-06524F32FB47}.Release|Any CPU.Build.0 = Release|Any CPU
		{3AC7C16B-09E7-49F1-83C7-83A61EACC426}.Debug|Any CPU.ActiveCfg = Debug|Any CPU
		{3AC7C16B-09E7-49F1-83C7-83A61EACC426}.Debug|Any CPU.Build.0 = Debug|Any CPU
		{3AC7C16B-09E7-49F1-83C7-83A61EACC426}.Release|Any CPU.ActiveCfg = Release|Any CPU
		{3AC7C16B-09E7-49F1-83C7-83A61EACC426}.Release|Any CPU.Build.0 = Release|Any CPU
	EndGlobalSection
	GlobalSection(SolutionProperties) = preSolution
		HideSolutionNode = FALSE
	EndGlobalSection
EndGlobal
